
Microsoft Visual Studio Solution File, Format Version 12.00
# Visual Studio 15
VisualStudioVersion = 15.0.27130.2036
MinimumVisualStudioVersion = 10.0.40219.1
Project("{FAE04EC0-301F-11D3-BF4B-00C04F79EFBC}") = "ChainOfResponsibility", "BehaviorPatterns\ChainOfResponsibility.csproj", "{BBD49A9B-D866-4958-A9D8-4ABC733DFB31}"
EndProject
Project("{FAE04EC0-301F-11D3-BF4B-00C04F79EFBC}") = "Command", "Command\Command.csproj", "{89818734-4B21-48D2-A12D-F441D916C065}"
EndProject
Global
	GlobalSection(SolutionConfigurationPlatforms) = preSolution
		Debug|Any CPU = Debug|Any CPU
		Release|Any CPU = Release|Any CPU
	EndGlobalSection
	GlobalSection(ProjectConfigurationPlatforms) = postSolution
		{BBD49A9B-D866-4958-A9D8-4ABC733DFB31}.Debug|Any CPU.ActiveCfg = Debug|Any CPU
		{BBD49A9B-D866-4958-A9D8-4ABC733DFB31}.Debug|Any CPU.Build.0 = Debug|Any CPU
		{BBD49A9B-D866-4958-A9D8-4ABC733DFB31}.Release|Any CPU.ActiveCfg = Release|Any CPU
		{BBD49A9B-D866-4958-A9D8-4ABC733DFB31}.Release|Any CPU.Build.0 = Release|Any CPU
		{89818734-4B21-48D2-A12D-F441D916C065}.Debug|Any CPU.ActiveCfg = Debug|Any CPU
		{89818734-4B21-48D2-A12D-F441D916C065}.Debug|Any CPU.Build.0 = Debug|Any CPU
		{89818734-4B21-48D2-A12D-F441D916C065}.Release|Any CPU.ActiveCfg = Release|Any CPU
		{89818734-4B21-48D2-A12D-F441D916C065}.Release|Any CPU.Build.0 = Release|Any CPU
	EndGlobalSection
	GlobalSection(SolutionProperties) = preSolution
		HideSolutionNode = FALSE
	EndGlobalSection
	GlobalSection(ExtensibilityGlobals) = postSolution
		SolutionGuid = {161A07F4-38A5-4389-AC82-085C43BF8D5F}
	EndGlobalSection
EndGlobal
