
Microsoft Visual Studio Solution File, Format Version 12.00
# Visual Studio 15
VisualStudioVersion = 15.0.27130.2036
MinimumVisualStudioVersion = 10.0.40219.1
Project("{FAE04EC0-301F-11D3-BF4B-00C04F79EFBC}") = "ISP", "ObjectOrientedProgrammingPrinciples-SOLID\ISP.csproj", "{1C41E91F-304E-402D-8FE9-96F86870285F}"
EndProject
Project("{FAE04EC0-301F-11D3-BF4B-00C04F79EFBC}") = "DIP", "DIP\DIP.csproj", "{55A0F492-54E2-4E85-9532-854296286757}"
EndProject
Global
	GlobalSection(SolutionConfigurationPlatforms) = preSolution
		Debug|Any CPU = Debug|Any CPU
		Release|Any CPU = Release|Any CPU
	EndGlobalSection
	GlobalSection(ProjectConfigurationPlatforms) = postSolution
		{1C41E91F-304E-402D-8FE9-96F86870285F}.Debug|Any CPU.ActiveCfg = Debug|Any CPU
		{1C41E91F-304E-402D-8FE9-96F86870285F}.Debug|Any CPU.Build.0 = Debug|Any CPU
		{1C41E91F-304E-402D-8FE9-96F86870285F}.Release|Any CPU.ActiveCfg = Release|Any CPU
		{1C41E91F-304E-402D-8FE9-96F86870285F}.Release|Any CPU.Build.0 = Release|Any CPU
		{55A0F492-54E2-4E85-9532-854296286757}.Debug|Any CPU.ActiveCfg = Debug|Any CPU
		{55A0F492-54E2-4E85-9532-854296286757}.Debug|Any CPU.Build.0 = Debug|Any CPU
		{55A0F492-54E2-4E85-9532-854296286757}.Release|Any CPU.ActiveCfg = Release|Any CPU
		{55A0F492-54E2-4E85-9532-854296286757}.Release|Any CPU.Build.0 = Release|Any CPU
	EndGlobalSection
	GlobalSection(SolutionProperties) = preSolution
		HideSolutionNode = FALSE
	EndGlobalSection
	GlobalSection(ExtensibilityGlobals) = postSolution
		SolutionGuid = {5D66AC55-3F41-4379-8A6E-DA0B465B98A5}
	EndGlobalSection
EndGlobal
